{
  "name": "furnitureshop",
  "version": "1.0.0",
  "lockfileVersion": 2,
  "requires": true,
  "packages": {
    "": {
      "name": "furnitureshop",
      "version": "1.0.0",
      "license": "ISC",
      "dependencies": {
        "@splidejs/splide": "^3.6.5",
        "sweetalert2": "^11.1.10"
      }
    },
    "node_modules/@splidejs/splide": {
      "version": "3.6.5",
      "resolved": "https://registry.npmjs.org/@splidejs/splide/-/splide-3.6.5.tgz",
      "integrity": "sha512-jt5e+GO2QML+flWm6xpaqZHwagC52lHLMGFYJA6z831uGG0pUXFGfsNb3YWZiAHHhzZ5n5t6aAR3lxlHpaPvRA=="
    },
    "node_modules/sweetalert2": {
      "version": "11.1.10",
      "resolved": "https://registry.npmjs.org/sweetalert2/-/sweetalert2-11.1.10.tgz",
      "integrity": "sha512-Zy/Pdsvf6gJoaqnBaLXYrjElJ85ipe9D5FfcSKxJ0b1PPnTS3B5eC3rFB2pPbo9m1p+LVLBZVvE35JPL2vG6xA==",
      "funding": {
        "url": "https://sweetalert2.github.io/#donations"
      }
    }
  },
  "dependencies": {
    "@splidejs/splide": {
      "version": "3.6.5",
      "resolved": "https://registry.npmjs.org/@splidejs/splide/-/splide-3.6.5.tgz",
      "integrity": "sha512-jt5e+GO2QML+flWm6xpaqZHwagC52lHLMGFYJA6z831uGG0pUXFGfsNb3YWZiAHHhzZ5n5t6aAR3lxlHpaPvRA=="
    },
    "sweetalert2": {
      "version": "11.1.10",
      "resolved": "https://registry.npmjs.org/sweetalert2/-/sweetalert2-11.1.10.tgz",
      "integrity": "sha512-Zy/Pdsvf6gJoaqnBaLXYrjElJ85ipe9D5FfcSKxJ0b1PPnTS3B5eC3rFB2pPbo9m1p+LVLBZVvE35JPL2vG6xA=="
    }
  }
}
